// !$*UTF8*$!
{
	archiveVersion = 1;
	classes = {
	};
	objectVersion = 46;
	objects = {

/* Begin PBXBuildFile section */
		653923851DC188D100E87913 /* main.cpp in Sources */ = {isa = PBXBuildFile; fileRef = 653923811DC188D100E87913 /* main.cpp */; };
/* End PBXBuildFile section */

/* Begin PBXCopyFilesBuildPhase section */
		65A9E15A1DA654B90088241B /* CopyFiles */ = {
			isa = PBXCopyFilesBuildPhase;
			buildActionMask = 2147483647;
			dstPath = /usr/share/man/man1/;
			dstSubfolderSpec = 0;
			files = (
			);
			runOnlyForDeploymentPostprocessing = 1;
		};
/* End PBXCopyFilesBuildPhase section */

/* Begin PBXFileReference section */
		653923811DC188D100E87913 /* main.cpp */ = {isa = PBXFileReference; fileEncoding = 4; lastKnownFileType = sourcecode.cpp.cpp; name = main.cpp; path = "Var & ReadOnly C++/main.cpp"; sourceTree = SOURCE_ROOT; };
		653923821DC188D100E87913 /* makefile */ = {isa = PBXFileReference; fileEncoding = 4; lastKnownFileType = sourcecode.make; name = makefile; path = "Var & ReadOnly C++/makefile"; sourceTree = SOURCE_ROOT; };
		653923831DC188D100E87913 /* ReadOnly.hpp */ = {isa = PBXFileReference; fileEncoding = 4; lastKnownFileType = sourcecode.cpp.h; name = ReadOnly.hpp; path = "Var & ReadOnly C++/ReadOnly.hpp"; sourceTree = SOURCE_ROOT; };
		653923841DC188D100E87913 /* Var.hpp */ = {isa = PBXFileReference; fileEncoding = 4; lastKnownFileType = sourcecode.cpp.h; name = Var.hpp; path = "Var & ReadOnly C++/Var.hpp"; sourceTree = SOURCE_ROOT; };
		65A9E15C1DA654B90088241B /* Var & ReadOnly C++ */ = {isa = PBXFileReference; explicitFileType = "compiled.mach-o.executable"; includeInIndex = 0; path = "Var & ReadOnly C++"; sourceTree = BUILT_PRODUCTS_DIR; };
		65A9E1691DA67A4C0088241B /* README.md */ = {isa = PBXFileReference; fileEncoding = 4; lastKnownFileType = net.daringfireball.markdown; path = README.md; sourceTree = "<group>"; };
		65A9E16B1DA67A550088241B /* LICENCE */ = {isa = PBXFileReference; fileEncoding = 4; lastKnownFileType = text; path = LICENCE; sourceTree = "<group>"; };
		65B7E4B81DAE95E700289530 /* .travis.yml */ = {isa = PBXFileReference; lastKnownFileType = text; path = .travis.yml; sourceTree = "<group>"; };
/* End PBXFileReference section */

/* Begin PBXFrameworksBuildPhase section */
		65A9E1591DA654B90088241B /* Frameworks */ = {
			isa = PBXFrameworksBuildPhase;
			buildActionMask = 2147483647;
			files = (
			);
			runOnlyForDeploymentPostprocessing = 0;
		};
/* End PBXFrameworksBuildPhase section */

/* Begin PBXGroup section */
		65A9E1531DA654B90088241B = {
			isa = PBXGroup;
			children = (
				65A9E16B1DA67A550088241B /* LICENCE */,
				65A9E1691DA67A4C0088241B /* README.md */,
				65A9E15E1DA654B90088241B /* Var & ReadOnly C++ */,
				65A9E15D1DA654B90088241B /* Products */,
				65B7E4B81DAE95E700289530 /* .travis.yml */,
			);
			sourceTree = "<group>";
		};
		65A9E15D1DA654B90088241B /* Products */ = {
			isa = PBXGroup;
			children = (
				65A9E15C1DA654B90088241B /* Var & ReadOnly C++ */,
			);
			name = Products;
			sourceTree = "<group>";
		};
		65A9E15E1DA654B90088241B /* Var & ReadOnly C++ */ = {
			isa = PBXGroup;
			children = (
				653923821DC188D100E87913 /* makefile */,
				65A9E1671DA671420088241B /* include */,
				653923811DC188D100E87913 /* main.cpp */,
			);
			name = "Var & ReadOnly C++";
			path = "ReadOnly Class C++";
			sourceTree = "<group>";
		};
		65A9E1671DA671420088241B /* include */ = {
			isa = PBXGroup;
			children = (
				653923841DC188D100E87913 /* Var.hpp */,
				653923831DC188D100E87913 /* ReadOnly.hpp */,
			);
			name = include;
			sourceTree = "<group>";
		};
/* End PBXGroup section */

/* Begin PBXNativeTarget section */
		65A9E15B1DA654B90088241B /* Var & ReadOnly C++ */ = {
			isa = PBXNativeTarget;
			buildConfigurationList = 65A9E1631DA654B90088241B /* Build configuration list for PBXNativeTarget "Var & ReadOnly C++" */;
			buildPhases = (
				65A9E1581DA654B90088241B /* Sources */,
				65A9E1591DA654B90088241B /* Frameworks */,
				65A9E15A1DA654B90088241B /* CopyFiles */,
			);
			buildRules = (
			);
			dependencies = (
			);
			name = "Var & ReadOnly C++";
			productName = "ReadOnly Class C++";
			productReference = 65A9E15C1DA654B90088241B /* Var & ReadOnly C++ */;
			productType = "com.apple.product-type.tool";
		};
/* End PBXNativeTarget section */

/* Begin PBXProject section */
		65A9E1541DA654B90088241B /* Project object */ = {
			isa = PBXProject;
			attributes = {
				LastUpgradeCheck = 0800;
				ORGANIZATIONNAME = "Daniel Illescas Romero";
				TargetAttributes = {
					65A9E15B1DA654B90088241B = {
						CreatedOnToolsVersion = 8.0;
						DevelopmentTeam = PRK6268SLD;
						ProvisioningStyle = Automatic;
					};
				};
			};
			buildConfigurationList = 65A9E1571DA654B90088241B /* Build configuration list for PBXProject "Var & ReadOnly C++" */;
			compatibilityVersion = "Xcode 3.2";
			developmentRegion = English;
			hasScannedForEncodings = 0;
			knownRegions = (
				en,
			);
			mainGroup = 65A9E1531DA654B90088241B;
			productRefGroup = 65A9E15D1DA654B90088241B /* Products */;
			projectDirPath = "";
			projectRoot = "";
			targets = (
				65A9E15B1DA654B90088241B /* Var & ReadOnly C++ */,
			);
		};
/* End PBXProject section */

/* Begin PBXSourcesBuildPhase section */
		65A9E1581DA654B90088241B /* Sources */ = {
			isa = PBXSourcesBuildPhase;
			buildActionMask = 2147483647;
			files = (
				653923851DC188D100E87913 /* main.cpp in Sources */,
			);
			runOnlyForDeploymentPostprocessing = 0;
		};
/* End PBXSourcesBuildPhase section */

/* Begin XCBuildConfiguration section */
		65A9E1611DA654B90088241B /* Debug */ = {
			isa = XCBuildConfiguration;
			buildSettings = {
				ALWAYS_SEARCH_USER_PATHS = NO;
				CLANG_ANALYZER_NONNULL = YES;
				CLANG_CXX_LANGUAGE_STANDARD = "gnu++14";
				CLANG_CXX_LIBRARY = "libc++";
				CLANG_ENABLE_MODULES = YES;
				CLANG_ENABLE_OBJC_ARC = YES;
				CLANG_WARN_BOOL_CONVERSION = YES;
				CLANG_WARN_CONSTANT_CONVERSION = YES;
				CLANG_WARN_DIRECT_OBJC_ISA_USAGE = YES_ERROR;
				CLANG_WARN_DOCUMENTATION_COMMENTS = YES;
				CLANG_WARN_EMPTY_BODY = YES;
				CLANG_WARN_ENUM_CONVERSION = YES;
				CLANG_WARN_INFINITE_RECURSION = YES;
				CLANG_WARN_INT_CONVERSION = YES;
				CLANG_WARN_OBJC_ROOT_CLASS = YES_ERROR;
				CLANG_WARN_SUSPICIOUS_MOVES = YES;
				CLANG_WARN_UNREACHABLE_CODE = YES;
				CLANG_WARN__DUPLICATE_METHOD_MATCH = YES;
				CODE_SIGN_IDENTITY = "-";
				COPY_PHASE_STRIP = NO;
				DEBUG_INFORMATION_FORMAT = dwarf;
				ENABLE_STRICT_OBJC_MSGSEND = YES;
				ENABLE_TESTABILITY = YES;
				GCC_C_LANGUAGE_STANDARD = gnu11;
				GCC_DYNAMIC_NO_PIC = NO;
				GCC_NO_COMMON_BLOCKS = YES;
				GCC_OPTIMIZATION_LEVEL = 0;
				GCC_PREPROCESSOR_DEFINITIONS = (
					"DEBUG=1",
					"$(inherited)",
				);
				GCC_WARN_64_TO_32_BIT_CONVERSION = YES;
				GCC_WARN_ABOUT_MISSING_NEWLINE = NO;
				GCC_WARN_ABOUT_RETURN_TYPE = YES_ERROR;
				GCC_WARN_UNDECLARED_SELECTOR = YES;
				GCC_WARN_UNINITIALIZED_AUTOS = YES_AGGRESSIVE;
				GCC_WARN_UNUSED_FUNCTION = YES;
				GCC_WARN_UNUSED_VARIABLE = YES;
				MACOSX_DEPLOYMENT_TARGET = 10.12;
				MTL_ENABLE_DEBUG_INFO = YES;
				ONLY_ACTIVE_ARCH = YES;
				SDKROOT = macosx;
			};
			name = Debug;
		};
		65A9E1621DA654B90088241B /* Release */ = {
			isa = XCBuildConfiguration;
			buildSettings = {
				ALWAYS_SEARCH_USER_PATHS = NO;
				CLANG_ANALYZER_NONNULL = YES;
				CLANG_CXX_LANGUAGE_STANDARD = "gnu++14";
				CLANG_CXX_LIBRARY = "libc++";
				CLANG_ENABLE_MODULES = YES;
				CLANG_ENABLE_OBJC_ARC = YES;
				CLANG_WARN_BOOL_CONVERSION = YES;
				CLANG_WARN_CONSTANT_CONVERSION = YES;
				CLANG_WARN_DIRECT_OBJC_ISA_USAGE = YES_ERROR;
				CLANG_WARN_DOCUMENTATION_COMMENTS = YES;
				CLANG_WARN_EMPTY_BODY = YES;
				CLANG_WARN_ENUM_CONVERSION = YES;
				CLANG_WARN_INFINITE_RECURSION = YES;
				CLANG_WARN_INT_CONVERSION = YES;
				CLANG_WARN_OBJC_ROOT_CLASS = YES_ERROR;
				CLANG_WARN_SUSPICIOUS_MOVES = YES;
				CLANG_WARN_UNREACHABLE_CODE = YES;
				CLANG_WARN__DUPLICATE_METHOD_MATCH = YES;
				CODE_SIGN_IDENTITY = "-";
				COPY_PHASE_STRIP = NO;
				DEBUG_INFORMATION_FORMAT = "dwarf-with-dsym";
				ENABLE_NS_ASSERTIONS = NO;
				ENABLE_STRICT_OBJC_MSGSEND = YES;
				GCC_C_LANGUAGE_STANDARD = gnu11;
				GCC_NO_COMMON_BLOCKS = YES;
				GCC_WARN_64_TO_32_BIT_CONVERSION = YES;
				GCC_WARN_ABOUT_MISSING_NEWLINE = NO;
				GCC_WARN_ABOUT_RETURN_TYPE = YES_ERROR;
				GCC_WARN_UNDECLARED_SELECTOR = YES;
				GCC_WARN_UNINITIALIZED_AUTOS = YES_AGGRESSIVE;
				GCC_WARN_UNUSED_FUNCTION = YES;
				GCC_WARN_UNUSED_VARIABLE = YES;
				MACOSX_DEPLOYMENT_TARGET = 10.12;
				MTL_ENABLE_DEBUG_INFO = NO;
				SDKROOT = macosx;
			};
			name = Release;
		};
		65A9E1641DA654B90088241B /* Debug */ = {
			isa = XCBuildConfiguration;
			buildSettings = {
				CLANG_CXX_LANGUAGE_STANDARD = "gnu++14";
				CODE_SIGN_IDENTITY = "Mac Developer";
				DEVELOPMENT_TEAM = PRK6268SLD;
				GCC_C_LANGUAGE_STANDARD = gnu11;
				PRODUCT_NAME = "$(TARGET_NAME)";
			};
			name = Debug;
		};
		65A9E1651DA654B90088241B /* Release */ = {
			isa = XCBuildConfiguration;
			buildSettings = {
				CLANG_CXX_LANGUAGE_STANDARD = "gnu++14";
				CODE_SIGN_IDENTITY = "Mac Developer";
				DEVELOPMENT_TEAM = PRK6268SLD;
				GCC_C_LANGUAGE_STANDARD = gnu11;
				PRODUCT_NAME = "$(TARGET_NAME)";
			};
			name = Release;
		};
/* End XCBuildConfiguration section */

/* Begin XCConfigurationList section */
		65A9E1571DA654B90088241B /* Build configuration list for PBXProject "Var & ReadOnly C++" */ = {
			isa = XCConfigurationList;
			buildConfigurations = (
				65A9E1611DA654B90088241B /* Debug */,
				65A9E1621DA654B90088241B /* Release */,
			);
			defaultConfigurationIsVisible = 0;
			defaultConfigurationName = Release;
		};
		65A9E1631DA654B90088241B /* Build configuration list for PBXNativeTarget "Var & ReadOnly C++" */ = {
			isa = XCConfigurationList;
			buildConfigurations = (
				65A9E1641DA654B90088241B /* Debug */,
				65A9E1651DA654B90088241B /* Release */,
			);
			defaultConfigurationIsVisible = 0;
			defaultConfigurationName = Release;
		};
/* End XCConfigurationList section */
	};
	rootObject = 65A9E1541DA654B90088241B /* Project object */;
}
